
Microsoft Visual Studio Solution File, Format Version 12.00
# Visual Studio Version 16
VisualStudioVersion = 16.0.29806.167
MinimumVisualStudioVersion = 10.0.40219.1
Project("{FAE04EC0-301F-11D3-BF4B-00C04F79EFBC}") = "App30", "App30.csproj", "{63484B1D-1C76-4B13-9356-2D0E74CE2B32}"
EndProject
Global
	GlobalSection(SolutionConfigurationPlatforms) = preSolution
		Debug|Any CPU = Debug|Any CPU
		Release|Any CPU = Release|Any CPU
	EndGlobalSection
	GlobalSection(ProjectConfigurationPlatforms) = postSolution
		{63484B1D-1C76-4B13-9356-2D0E74CE2B32}.Debug|Any CPU.ActiveCfg = Debug|Any CPU
		{63484B1D-1C76-4B13-9356-2D0E74CE2B32}.Debug|Any CPU.Build.0 = Debug|Any CPU
		{63484B1D-1C76-4B13-9356-2D0E74CE2B32}.Release|Any CPU.ActiveCfg = Release|Any CPU
		{63484B1D-1C76-4B13-9356-2D0E74CE2B32}.Release|Any CPU.Build.0 = Release|Any CPU
	EndGlobalSection
	GlobalSection(SolutionProperties) = preSolution
		HideSolutionNode = FALSE
	EndGlobalSection
	GlobalSection(ExtensibilityGlobals) = postSolution
		SolutionGuid = {FB81E921-15DD-47D9-822E-6551AEF6F4BC}
	EndGlobalSection
EndGlobal
